
Microsoft Visual Studio Solution File, Format Version 12.00
# Visual Studio Version 16
VisualStudioVersion = 16.0.30611.23
MinimumVisualStudioVersion = 10.0.40219.1
Project("{FAE04EC0-301F-11D3-BF4B-00C04F79EFBC}") = "TheCashier", "TheCashier\TheCashier.csproj", "{F81D2EC8-B225-4CA9-A25E-ECCC51EE9DB7}"
EndProject
Global
	GlobalSection(SolutionConfigurationPlatforms) = preSolution
		Debug|Any CPU = Debug|Any CPU
		Release|Any CPU = Release|Any CPU
	EndGlobalSection
	GlobalSection(ProjectConfigurationPlatforms) = postSolution
		{F81D2EC8-B225-4CA9-A25E-ECCC51EE9DB7}.Debug|Any CPU.ActiveCfg = Debug|Any CPU
		{F81D2EC8-B225-4CA9-A25E-ECCC51EE9DB7}.Debug|Any CPU.Build.0 = Debug|Any CPU
		{F81D2EC8-B225-4CA9-A25E-ECCC51EE9DB7}.Release|Any CPU.ActiveCfg = Release|Any CPU
		{F81D2EC8-B225-4CA9-A25E-ECCC51EE9DB7}.Release|Any CPU.Build.0 = Release|Any CPU
	EndGlobalSection
	GlobalSection(SolutionProperties) = preSolution
		HideSolutionNode = FALSE
	EndGlobalSection
	GlobalSection(ExtensibilityGlobals) = postSolution
		SolutionGuid = {16AA8C70-0244-4AB6-AB7E-72E6142946FF}
	EndGlobalSection
EndGlobal
